// !$*UTF8*$!
{
	archiveVersion = 1;
	classes = {
	};
	objectVersion = 56;
	objects = {

/* Begin PBXBuildFile section */
		A46CCC329EB57949139E23BB /* Pods_Notice_ABTest.framework in Frameworks */ = {isa = PBXBuildFile; fileRef = 378B850F86E08F6F06D9FFF8 /* Pods_Notice_ABTest.framework */; };
		F1B2BD232A56AFCB00D61EF8 /* AppDelegate.swift in Sources */ = {isa = PBXBuildFile; fileRef = F1B2BD222A56AFCB00D61EF8 /* AppDelegate.swift */; };
		F1B2BD252A56AFCB00D61EF8 /* SceneDelegate.swift in Sources */ = {isa = PBXBuildFile; fileRef = F1B2BD242A56AFCB00D61EF8 /* SceneDelegate.swift */; };
		F1B2BD272A56AFCB00D61EF8 /* ViewController.swift in Sources */ = {isa = PBXBuildFile; fileRef = F1B2BD262A56AFCB00D61EF8 /* ViewController.swift */; };
		F1B2BD2A2A56AFCB00D61EF8 /* Main.storyboard in Resources */ = {isa = PBXBuildFile; fileRef = F1B2BD282A56AFCB00D61EF8 /* Main.storyboard */; };
		F1B2BD2C2A56AFCC00D61EF8 /* Assets.xcassets in Resources */ = {isa = PBXBuildFile; fileRef = F1B2BD2B2A56AFCC00D61EF8 /* Assets.xcassets */; };
		F1B2BD2F2A56AFCC00D61EF8 /* LaunchScreen.storyboard in Resources */ = {isa = PBXBuildFile; fileRef = F1B2BD2D2A56AFCC00D61EF8 /* LaunchScreen.storyboard */; };
		F1B2BD382A56AFF200D61EF8 /* NoticeViewController.swift in Sources */ = {isa = PBXBuildFile; fileRef = F1B2BD362A56AFF200D61EF8 /* NoticeViewController.swift */; };
		F1B2BD392A56AFF200D61EF8 /* NoticeViewController.xib in Resources */ = {isa = PBXBuildFile; fileRef = F1B2BD372A56AFF200D61EF8 /* NoticeViewController.xib */; };
		F1B2BD3D2A56B67400D61EF8 /* RemoteConfigDefaults.plist in Resources */ = {isa = PBXBuildFile; fileRef = F1B2BD3C2A56B67400D61EF8 /* RemoteConfigDefaults.plist */; };
		F1B2BD412A56C18600D61EF8 /* GoogleService-Info.plist in Resources */ = {isa = PBXBuildFile; fileRef = F1B2BD402A56C18600D61EF8 /* GoogleService-Info.plist */; };
/* End PBXBuildFile section */

/* Begin PBXFileReference section */
		378B850F86E08F6F06D9FFF8 /* Pods_Notice_ABTest.framework */ = {isa = PBXFileReference; explicitFileType = wrapper.framework; includeInIndex = 0; path = Pods_Notice_ABTest.framework; sourceTree = BUILT_PRODUCTS_DIR; };
		52D4E3B6A402EF869C6B6D49 /* Pods-Notice_ABTest.release.xcconfig */ = {isa = PBXFileReference; includeInIndex = 1; lastKnownFileType = text.xcconfig; name = "Pods-Notice_ABTest.release.xcconfig"; path = "Target Support Files/Pods-Notice_ABTest/Pods-Notice_ABTest.release.xcconfig"; sourceTree = "<group>"; };
		5BD540EFDE69D98DCEE4F3DD /* Pods-Notice_ABTest.debug.xcconfig */ = {isa = PBXFileReference; includeInIndex = 1; lastKnownFileType = text.xcconfig; name = "Pods-Notice_ABTest.debug.xcconfig"; path = "Target Support Files/Pods-Notice_ABTest/Pods-Notice_ABTest.debug.xcconfig"; sourceTree = "<group>"; };
		F1B2BD1F2A56AFCB00D61EF8 /* Notice_ABTest.app */ = {isa = PBXFileReference; explicitFileType = wrapper.application; includeInIndex = 0; path = Notice_ABTest.app; sourceTree = BUILT_PRODUCTS_DIR; };
		F1B2BD222A56AFCB00D61EF8 /* AppDelegate.swift */ = {isa = PBXFileReference; lastKnownFileType = sourcecode.swift; path = AppDelegate.swift; sourceTree = "<group>"; };
		F1B2BD242A56AFCB00D61EF8 /* SceneDelegate.swift */ = {isa = PBXFileReference; lastKnownFileType = sourcecode.swift; path = SceneDelegate.swift; sourceTree = "<group>"; };
		F1B2BD262A56AFCB00D61EF8 /* ViewController.swift */ = {isa = PBXFileReference; lastKnownFileType = sourcecode.swift; path = ViewController.swift; sourceTree = "<group>"; };
		F1B2BD292A56AFCB00D61EF8 /* Base */ = {isa = PBXFileReference; lastKnownFileType = file.storyboard; name = Base; path = Base.lproj/Main.storyboard; sourceTree = "<group>"; };
		F1B2BD2B2A56AFCC00D61EF8 /* Assets.xcassets */ = {isa = PBXFileReference; lastKnownFileType = folder.assetcatalog; path = Assets.xcassets; sourceTree = "<group>"; };
		F1B2BD2E2A56AFCC00D61EF8 /* Base */ = {isa = PBXFileReference; lastKnownFileType = file.storyboard; name = Base; path = Base.lproj/LaunchScreen.storyboard; sourceTree = "<group>"; };
		F1B2BD302A56AFCC00D61EF8 /* Info.plist */ = {isa = PBXFileReference; lastKnownFileType = text.plist.xml; path = Info.plist; sourceTree = "<group>"; };
		F1B2BD362A56AFF200D61EF8 /* NoticeViewController.swift */ = {isa = PBXFileReference; lastKnownFileType = sourcecode.swift; path = NoticeViewController.swift; sourceTree = "<group>"; };
		F1B2BD372A56AFF200D61EF8 /* NoticeViewController.xib */ = {isa = PBXFileReference; lastKnownFileType = file.xib; path = NoticeViewController.xib; sourceTree = "<group>"; };
		F1B2BD3C2A56B67400D61EF8 /* RemoteConfigDefaults.plist */ = {isa = PBXFileReference; lastKnownFileType = text.plist.xml; path = RemoteConfigDefaults.plist; sourceTree = "<group>"; };
		F1B2BD402A56C18600D61EF8 /* GoogleService-Info.plist */ = {isa = PBXFileReference; fileEncoding = 4; lastKnownFileType = text.plist.xml; path = "GoogleService-Info.plist"; sourceTree = "<group>"; };
/* End PBXFileReference section */

/* Begin PBXFrameworksBuildPhase section */
		F1B2BD1C2A56AFCB00D61EF8 /* Frameworks */ = {
			isa = PBXFrameworksBuildPhase;
			buildActionMask = 2147483647;
			files = (
				A46CCC329EB57949139E23BB /* Pods_Notice_ABTest.framework in Frameworks */,
			);
			runOnlyForDeploymentPostprocessing = 0;
		};
/* End PBXFrameworksBuildPhase section */

/* Begin PBXGroup section */
		69D50E95071DCEA316A7E77E /* Frameworks */ = {
			isa = PBXGroup;
			children = (
				378B850F86E08F6F06D9FFF8 /* Pods_Notice_ABTest.framework */,
			);
			name = Frameworks;
			sourceTree = "<group>";
		};
		E8A4C56783F2A835E1A09290 /* Pods */ = {
			isa = PBXGroup;
			children = (
				5BD540EFDE69D98DCEE4F3DD /* Pods-Notice_ABTest.debug.xcconfig */,
				52D4E3B6A402EF869C6B6D49 /* Pods-Notice_ABTest.release.xcconfig */,
			);
			path = Pods;
			sourceTree = "<group>";
		};
		F1B2BD162A56AFCB00D61EF8 = {
			isa = PBXGroup;
			children = (
				F1B2BD212A56AFCB00D61EF8 /* Notice_ABTest */,
				F1B2BD202A56AFCB00D61EF8 /* Products */,
				E8A4C56783F2A835E1A09290 /* Pods */,
				69D50E95071DCEA316A7E77E /* Frameworks */,
			);
			sourceTree = "<group>";
		};
		F1B2BD202A56AFCB00D61EF8 /* Products */ = {
			isa = PBXGroup;
			children = (
				F1B2BD1F2A56AFCB00D61EF8 /* Notice_ABTest.app */,
			);
			name = Products;
			sourceTree = "<group>";
		};
		F1B2BD212A56AFCB00D61EF8 /* Notice_ABTest */ = {
			isa = PBXGroup;
			children = (
				F1B2BD222A56AFCB00D61EF8 /* AppDelegate.swift */,
				F1B2BD242A56AFCB00D61EF8 /* SceneDelegate.swift */,
				F1B2BD262A56AFCB00D61EF8 /* ViewController.swift */,
				F1B2BD3C2A56B67400D61EF8 /* RemoteConfigDefaults.plist */,
				F1B2BD362A56AFF200D61EF8 /* NoticeViewController.swift */,
				F1B2BD372A56AFF200D61EF8 /* NoticeViewController.xib */,
				F1B2BD282A56AFCB00D61EF8 /* Main.storyboard */,
				F1B2BD2B2A56AFCC00D61EF8 /* Assets.xcassets */,
				F1B2BD2D2A56AFCC00D61EF8 /* LaunchScreen.storyboard */,
				F1B2BD302A56AFCC00D61EF8 /* Info.plist */,
				F1B2BD402A56C18600D61EF8 /* GoogleService-Info.plist */,
			);
			path = Notice_ABTest;
			sourceTree = "<group>";
		};
/* End PBXGroup section */

/* Begin PBXNativeTarget section */
		F1B2BD1E2A56AFCB00D61EF8 /* Notice_ABTest */ = {
			isa = PBXNativeTarget;
			buildConfigurationList = F1B2BD332A56AFCC00D61EF8 /* Build configuration list for PBXNativeTarget "Notice_ABTest" */;
			buildPhases = (
				44CB42BA95D2E1CA81005004 /* [CP] Check Pods Manifest.lock */,
				F1B2BD1B2A56AFCB00D61EF8 /* Sources */,
				F1B2BD1C2A56AFCB00D61EF8 /* Frameworks */,
				F1B2BD1D2A56AFCB00D61EF8 /* Resources */,
				254290BF4C520FE8513A03CB /* [CP] Embed Pods Frameworks */,
			);
			buildRules = (
			);
			dependencies = (
			);
			name = Notice_ABTest;
			productName = Notice_ABTest;
			productReference = F1B2BD1F2A56AFCB00D61EF8 /* Notice_ABTest.app */;
			productType = "com.apple.product-type.application";
		};
/* End PBXNativeTarget section */

/* Begin PBXProject section */
		F1B2BD172A56AFCB00D61EF8 /* Project object */ = {
			isa = PBXProject;
			attributes = {
				BuildIndependentTargetsInParallel = 1;
				LastSwiftUpdateCheck = 1430;
				LastUpgradeCheck = 1430;
				TargetAttributes = {
					F1B2BD1E2A56AFCB00D61EF8 = {
						CreatedOnToolsVersion = 14.3.1;
					};
				};
			};
			buildConfigurationList = F1B2BD1A2A56AFCB00D61EF8 /* Build configuration list for PBXProject "Notice_ABTest" */;
			compatibilityVersion = "Xcode 14.0";
			developmentRegion = en;
			hasScannedForEncodings = 0;
			knownRegions = (
				en,
				Base,
			);
			mainGroup = F1B2BD162A56AFCB00D61EF8;
			productRefGroup = F1B2BD202A56AFCB00D61EF8 /* Products */;
			projectDirPath = "";
			projectRoot = "";
			targets = (
				F1B2BD1E2A56AFCB00D61EF8 /* Notice_ABTest */,
			);
		};
/* End PBXProject section */

/* Begin PBXResourcesBuildPhase section */
		F1B2BD1D2A56AFCB00D61EF8 /* Resources */ = {
			isa = PBXResourcesBuildPhase;
			buildActionMask = 2147483647;
			files = (
				F1B2BD3D2A56B67400D61EF8 /* RemoteConfigDefaults.plist in Resources */,
				F1B2BD2F2A56AFCC00D61EF8 /* LaunchScreen.storyboard in Resources */,
				F1B2BD2C2A56AFCC00D61EF8 /* Assets.xcassets in Resources */,
				F1B2BD392A56AFF200D61EF8 /* NoticeViewController.xib in Resources */,
				F1B2BD412A56C18600D61EF8 /* GoogleService-Info.plist in Resources */,
				F1B2BD2A2A56AFCB00D61EF8 /* Main.storyboard in Resources */,
			);
			runOnlyForDeploymentPostprocessing = 0;
		};
/* End PBXResourcesBuildPhase section */

/* Begin PBXShellScriptBuildPhase section */
		254290BF4C520FE8513A03CB /* [CP] Embed Pods Frameworks */ = {
			isa = PBXShellScriptBuildPhase;
			buildActionMask = 2147483647;
			files = (
			);
			inputFileListPaths = (
				"${PODS_ROOT}/Target Support Files/Pods-Notice_ABTest/Pods-Notice_ABTest-frameworks-${CONFIGURATION}-input-files.xcfilelist",
			);
			name = "[CP] Embed Pods Frameworks";
			outputFileListPaths = (
				"${PODS_ROOT}/Target Support Files/Pods-Notice_ABTest/Pods-Notice_ABTest-frameworks-${CONFIGURATION}-output-files.xcfilelist",
			);
			runOnlyForDeploymentPostprocessing = 0;
			shellPath = /bin/sh;
			shellScript = "\"${PODS_ROOT}/Target Support Files/Pods-Notice_ABTest/Pods-Notice_ABTest-frameworks.sh\"\n";
			showEnvVarsInLog = 0;
		};
		44CB42BA95D2E1CA81005004 /* [CP] Check Pods Manifest.lock */ = {
			isa = PBXShellScriptBuildPhase;
			buildActionMask = 2147483647;
			files = (
			);
			inputFileListPaths = (
			);
			inputPaths = (
				"${PODS_PODFILE_DIR_PATH}/Podfile.lock",
				"${PODS_ROOT}/Manifest.lock",
			);
			name = "[CP] Check Pods Manifest.lock";
			outputFileListPaths = (
			);
			outputPaths = (
				"$(DERIVED_FILE_DIR)/Pods-Notice_ABTest-checkManifestLockResult.txt",
			);
			runOnlyForDeploymentPostprocessing = 0;
			shellPath = /bin/sh;
			shellScript = "diff \"${PODS_PODFILE_DIR_PATH}/Podfile.lock\" \"${PODS_ROOT}/Manifest.lock\" > /dev/null\nif [ $? != 0 ] ; then\n    # print error to STDERR\n    echo \"error: The sandbox is not in sync with the Podfile.lock. Run 'pod install' or update your CocoaPods installation.\" >&2\n    exit 1\nfi\n# This output is used by Xcode 'outputs' to avoid re-running this script phase.\necho \"SUCCESS\" > \"${SCRIPT_OUTPUT_FILE_0}\"\n";
			showEnvVarsInLog = 0;
		};
/* End PBXShellScriptBuildPhase section */

/* Begin PBXSourcesBuildPhase section */
		F1B2BD1B2A56AFCB00D61EF8 /* Sources */ = {
			isa = PBXSourcesBuildPhase;
			buildActionMask = 2147483647;
			files = (
				F1B2BD272A56AFCB00D61EF8 /* ViewController.swift in Sources */,
				F1B2BD232A56AFCB00D61EF8 /* AppDelegate.swift in Sources */,
				F1B2BD382A56AFF200D61EF8 /* NoticeViewController.swift in Sources */,
				F1B2BD252A56AFCB00D61EF8 /* SceneDelegate.swift in Sources */,
			);
			runOnlyForDeploymentPostprocessing = 0;
		};
/* End PBXSourcesBuildPhase section */

/* Begin PBXVariantGroup section */
		F1B2BD282A56AFCB00D61EF8 /* Main.storyboard */ = {
			isa = PBXVariantGroup;
			children = (
				F1B2BD292A56AFCB00D61EF8 /* Base */,
			);
			name = Main.storyboard;
			sourceTree = "<group>";
		};
		F1B2BD2D2A56AFCC00D61EF8 /* LaunchScreen.storyboard */ = {
			isa = PBXVariantGroup;
			children = (
				F1B2BD2E2A56AFCC00D61EF8 /* Base */,
			);
			name = LaunchScreen.storyboard;
			sourceTree = "<group>";
		};
/* End PBXVariantGroup section */

/* Begin XCBuildConfiguration section */
		F1B2BD312A56AFCC00D61EF8 /* Debug */ = {
			isa = XCBuildConfiguration;
			buildSettings = {
				ALWAYS_SEARCH_USER_PATHS = NO;
				CLANG_ANALYZER_NONNULL = YES;
				CLANG_ANALYZER_NUMBER_OBJECT_CONVERSION = YES_AGGRESSIVE;
				CLANG_CXX_LANGUAGE_STANDARD = "gnu++20";
				CLANG_ENABLE_MODULES = YES;
				CLANG_ENABLE_OBJC_ARC = YES;
				CLANG_ENABLE_OBJC_WEAK = YES;
				CLANG_WARN_BLOCK_CAPTURE_AUTORELEASING = YES;
				CLANG_WARN_BOOL_CONVERSION = YES;
				CLANG_WARN_COMMA = YES;
				CLANG_WARN_CONSTANT_CONVERSION = YES;
				CLANG_WARN_DEPRECATED_OBJC_IMPLEMENTATIONS = YES;
				CLANG_WARN_DIRECT_OBJC_ISA_USAGE = YES_ERROR;
				CLANG_WARN_DOCUMENTATION_COMMENTS = YES;
				CLANG_WARN_EMPTY_BODY = YES;
				CLANG_WARN_ENUM_CONVERSION = YES;
				CLANG_WARN_INFINITE_RECURSION = YES;
				CLANG_WARN_INT_CONVERSION = YES;
				CLANG_WARN_NON_LITERAL_NULL_CONVERSION = YES;
				CLANG_WARN_OBJC_IMPLICIT_RETAIN_SELF = YES;
				CLANG_WARN_OBJC_LITERAL_CONVERSION = YES;
				CLANG_WARN_OBJC_ROOT_CLASS = YES_ERROR;
				CLANG_WARN_QUOTED_INCLUDE_IN_FRAMEWORK_HEADER = YES;
				CLANG_WARN_RANGE_LOOP_ANALYSIS = YES;
				CLANG_WARN_STRICT_PROTOTYPES = YES;
				CLANG_WARN_SUSPICIOUS_MOVE = YES;
				CLANG_WARN_UNGUARDED_AVAILABILITY = YES_AGGRESSIVE;
				CLANG_WARN_UNREACHABLE_CODE = YES;
				CLANG_WARN__DUPLICATE_METHOD_MATCH = YES;
				COPY_PHASE_STRIP = NO;
				DEBUG_INFORMATION_FORMAT = dwarf;
				ENABLE_STRICT_OBJC_MSGSEND = YES;
				ENABLE_TESTABILITY = YES;
				GCC_C_LANGUAGE_STANDARD = gnu11;
				GCC_DYNAMIC_NO_PIC = NO;
				GCC_NO_COMMON_BLOCKS = YES;
				GCC_OPTIMIZATION_LEVEL = 0;
				GCC_PREPROCESSOR_DEFINITIONS = (
					"DEBUG=1",
					"$(inherited)",
				);
				GCC_WARN_64_TO_32_BIT_CONVERSION = YES;
				GCC_WARN_ABOUT_RETURN_TYPE = YES_ERROR;
				GCC_WARN_UNDECLARED_SELECTOR = YES;
				GCC_WARN_UNINITIALIZED_AUTOS = YES_AGGRESSIVE;
				GCC_WARN_UNUSED_FUNCTION = YES;
				GCC_WARN_UNUSED_VARIABLE = YES;
				IPHONEOS_DEPLOYMENT_TARGET = 16.4;
				MTL_ENABLE_DEBUG_INFO = INCLUDE_SOURCE;
				MTL_FAST_MATH = YES;
				ONLY_ACTIVE_ARCH = YES;
				SDKROOT = iphoneos;
				SWIFT_ACTIVE_COMPILATION_CONDITIONS = DEBUG;
				SWIFT_OPTIMIZATION_LEVEL = "-Onone";
			};
			name = Debug;
		};
		F1B2BD322A56AFCC00D61EF8 /* Release */ = {
			isa = XCBuildConfiguration;
			buildSettings = {
				ALWAYS_SEARCH_USER_PATHS = NO;
				CLANG_ANALYZER_NONNULL = YES;
				CLANG_ANALYZER_NUMBER_OBJECT_CONVERSION = YES_AGGRESSIVE;
				CLANG_CXX_LANGUAGE_STANDARD = "gnu++20";
				CLANG_ENABLE_MODULES = YES;
				CLANG_ENABLE_OBJC_ARC = YES;
				CLANG_ENABLE_OBJC_WEAK = YES;
				CLANG_WARN_BLOCK_CAPTURE_AUTORELEASING = YES;
				CLANG_WARN_BOOL_CONVERSION = YES;
				CLANG_WARN_COMMA = YES;
				CLANG_WARN_CONSTANT_CONVERSION = YES;
				CLANG_WARN_DEPRECATED_OBJC_IMPLEMENTATIONS = YES;
				CLANG_WARN_DIRECT_OBJC_ISA_USAGE = YES_ERROR;
				CLANG_WARN_DOCUMENTATION_COMMENTS = YES;
				CLANG_WARN_EMPTY_BODY = YES;
				CLANG_WARN_ENUM_CONVERSION = YES;
				CLANG_WARN_INFINITE_RECURSION = YES;
				CLANG_WARN_INT_CONVERSION = YES;
				CLANG_WARN_NON_LITERAL_NULL_CONVERSION = YES;
				CLANG_WARN_OBJC_IMPLICIT_RETAIN_SELF = YES;
				CLANG_WARN_OBJC_LITERAL_CONVERSION = YES;
				CLANG_WARN_OBJC_ROOT_CLASS = YES_ERROR;
				CLANG_WARN_QUOTED_INCLUDE_IN_FRAMEWORK_HEADER = YES;
				CLANG_WARN_RANGE_LOOP_ANALYSIS = YES;
				CLANG_WARN_STRICT_PROTOTYPES = YES;
				CLANG_WARN_SUSPICIOUS_MOVE = YES;
				CLANG_WARN_UNGUARDED_AVAILABILITY = YES_AGGRESSIVE;
				CLANG_WARN_UNREACHABLE_CODE = YES;
				CLANG_WARN__DUPLICATE_METHOD_MATCH = YES;
				COPY_PHASE_STRIP = NO;
				DEBUG_INFORMATION_FORMAT = "dwarf-with-dsym";
				ENABLE_NS_ASSERTIONS = NO;
				ENABLE_STRICT_OBJC_MSGSEND = YES;
				GCC_C_LANGUAGE_STANDARD = gnu11;
				GCC_NO_COMMON_BLOCKS = YES;
				GCC_WARN_64_TO_32_BIT_CONVERSION = YES;
				GCC_WARN_ABOUT_RETURN_TYPE = YES_ERROR;
				GCC_WARN_UNDECLARED_SELECTOR = YES;
				GCC_WARN_UNINITIALIZED_AUTOS = YES_AGGRESSIVE;
				GCC_WARN_UNUSED_FUNCTION = YES;
				GCC_WARN_UNUSED_VARIABLE = YES;
				IPHONEOS_DEPLOYMENT_TARGET = 16.4;
				MTL_ENABLE_DEBUG_INFO = NO;
				MTL_FAST_MATH = YES;
				SDKROOT = iphoneos;
				SWIFT_COMPILATION_MODE = wholemodule;
				SWIFT_OPTIMIZATION_LEVEL = "-O";
				VALIDATE_PRODUCT = YES;
			};
			name = Release;
		};
		F1B2BD342A56AFCC00D61EF8 /* Debug */ = {
			isa = XCBuildConfiguration;
			baseConfigurationReference = 5BD540EFDE69D98DCEE4F3DD /* Pods-Notice_ABTest.debug.xcconfig */;
			buildSettings = {
				ASSETCATALOG_COMPILER_APPICON_NAME = AppIcon;
				ASSETCATALOG_COMPILER_GLOBAL_ACCENT_COLOR_NAME = AccentColor;
				CODE_SIGN_STYLE = Automatic;
				CURRENT_PROJECT_VERSION = 1;
				DEVELOPMENT_TEAM = JY9QH7G8BB;
				GENERATE_INFOPLIST_FILE = YES;
				INFOPLIST_FILE = Notice_ABTest/Info.plist;
				INFOPLIST_KEY_UIApplicationSupportsIndirectInputEvents = YES;
				INFOPLIST_KEY_UILaunchStoryboardName = LaunchScreen;
				INFOPLIST_KEY_UIMainStoryboardFile = Main;
				INFOPLIST_KEY_UISupportedInterfaceOrientations = UIInterfaceOrientationPortrait;
				INFOPLIST_KEY_UISupportedInterfaceOrientations_iPad = "UIInterfaceOrientationLandscapeLeft UIInterfaceOrientationLandscapeRight UIInterfaceOrientationPortrait UIInterfaceOrientationPortraitUpsideDown";
				LD_RUNPATH_SEARCH_PATHS = (
					"$(inherited)",
					"@executable_path/Frameworks",
				);
				MARKETING_VERSION = 1.0;
				PRODUCT_BUNDLE_IDENTIFIER = "com.SamSung.Notice-ABTest";
				PRODUCT_NAME = "$(TARGET_NAME)";
				SUPPORTED_PLATFORMS = "iphoneos iphonesimulator";
				SUPPORTS_MACCATALYST = NO;
				SUPPORTS_MAC_DESIGNED_FOR_IPHONE_IPAD = NO;
				SWIFT_EMIT_LOC_STRINGS = YES;
				SWIFT_VERSION = 5.0;
				TARGETED_DEVICE_FAMILY = 1;
			};
			name = Debug;
		};
		F1B2BD352A56AFCC00D61EF8 /* Release */ = {
			isa = XCBuildConfiguration;
			baseConfigurationReference = 52D4E3B6A402EF869C6B6D49 /* Pods-Notice_ABTest.release.xcconfig */;
			buildSettings = {
				ASSETCATALOG_COMPILER_APPICON_NAME = AppIcon;
				ASSETCATALOG_COMPILER_GLOBAL_ACCENT_COLOR_NAME = AccentColor;
				CODE_SIGN_STYLE = Automatic;
				CURRENT_PROJECT_VERSION = 1;
				DEVELOPMENT_TEAM = JY9QH7G8BB;
				GENERATE_INFOPLIST_FILE = YES;
				INFOPLIST_FILE = Notice_ABTest/Info.plist;
				INFOPLIST_KEY_UIApplicationSupportsIndirectInputEvents = YES;
				INFOPLIST_KEY_UILaunchStoryboardName = LaunchScreen;
				INFOPLIST_KEY_UIMainStoryboardFile = Main;
				INFOPLIST_KEY_UISupportedInterfaceOrientations = UIInterfaceOrientationPortrait;
				INFOPLIST_KEY_UISupportedInterfaceOrientations_iPad = "UIInterfaceOrientationLandscapeLeft UIInterfaceOrientationLandscapeRight UIInterfaceOrientationPortrait UIInterfaceOrientationPortraitUpsideDown";
				LD_RUNPATH_SEARCH_PATHS = (
					"$(inherited)",
					"@executable_path/Frameworks",
				);
				MARKETING_VERSION = 1.0;
				PRODUCT_BUNDLE_IDENTIFIER = "com.SamSung.Notice-ABTest";
				PRODUCT_NAME = "$(TARGET_NAME)";
				SUPPORTED_PLATFORMS = "iphoneos iphonesimulator";
				SUPPORTS_MACCATALYST = NO;
				SUPPORTS_MAC_DESIGNED_FOR_IPHONE_IPAD = NO;
				SWIFT_EMIT_LOC_STRINGS = YES;
				SWIFT_VERSION = 5.0;
				TARGETED_DEVICE_FAMILY = 1;
			};
			name = Release;
		};
/* End XCBuildConfiguration section */

/* Begin XCConfigurationList section */
		F1B2BD1A2A56AFCB00D61EF8 /* Build configuration list for PBXProject "Notice_ABTest" */ = {
			isa = XCConfigurationList;
			buildConfigurations = (
				F1B2BD312A56AFCC00D61EF8 /* Debug */,
				F1B2BD322A56AFCC00D61EF8 /* Release */,
			);
			defaultConfigurationIsVisible = 0;
			defaultConfigurationName = Release;
		};
		F1B2BD332A56AFCC00D61EF8 /* Build configuration list for PBXNativeTarget "Notice_ABTest" */ = {
			isa = XCConfigurationList;
			buildConfigurations = (
				F1B2BD342A56AFCC00D61EF8 /* Debug */,
				F1B2BD352A56AFCC00D61EF8 /* Release */,
			);
			defaultConfigurationIsVisible = 0;
			defaultConfigurationName = Release;
		};
/* End XCConfigurationList section */
	};
	rootObject = F1B2BD172A56AFCB00D61EF8 /* Project object */;
}
